<?xml version="1.0" encoding="utf-8"?>
<Project ToolsVersion="4.0" xmlns="http://schemas.microsoft.com/developer/msbuild/2003">
  <ItemGroup>
    <Filter Include="Source Files">
      <UniqueIdentifier>{4FC737F1-C7A5-4376-A066-2A32D752A2FF}</UniqueIdentifier>
      <Extensions>cpp;c;cc;cxx;def;odl;idl;hpj;bat;asm;asmx</Extensions>
    </Filter>
    <Filter Include="Header Files">
      <UniqueIdentifier>{93995380-89BD-4b04-88EB-625FBE52EBFB}</UniqueIdentifier>
      <Extensions>h;hh;hpp;hxx;hm;inl;inc;xsd</Extensions>
    </Filter>
    <Filter Include="Resource Files">
      <UniqueIdentifier>{67DA6AB6-F800-4c08-8B7A-83BB121AAD01}</UniqueIdentifier>
      <Extensions>rc;ico;cur;bmp;dlg;rc2;rct;bin;rgs;gif;jpg;jpeg;jpe;resx;tiff;tif;png;wav;mfcribbon-ms</Extensions>
    </Filter>
    <Filter Include="TestCase">
      <UniqueIdentifier>{793564eb-80c1-4c4c-966d-0e1373947b33}</UniqueIdentifier>
    </Filter>
  </ItemGroup>
  <ItemGroup>
    <ClInclude Include="ChartParser.h">
      <Filter>Header Files</Filter>
    </ClInclude>
    <ClInclude Include="ChartParserAgenda.h">
      <Filter>Header Files</Filter>
    </ClInclude>
    <ClInclude Include="ChartParserChart.h">
      <Filter>Header Files</Filter>
    </ClInclude>
    <ClInclude Include="DepData.h">
      <Filter>Header Files</Filter>
    </ClInclude>
    <ClInclude Include="DepParser.h">
      <Filter>Header Files</Filter>
    </ClInclude>
    <ClInclude Include="DepParserState.h">
      <Filter>Header Files</Filter>
    </ClInclude>
    <ClInclude Include="DepRuleEngine.h">
      <Filter>Header Files</Filter>
    </ClInclude>
    <ClInclude Include="DepRuleNode.h">
      <Filter>Header Files</Filter>
    </ClInclude>
    <ClInclude Include="dijkstra_algo.h">
      <Filter>Header Files</Filter>
    </ClInclude>
    <ClInclude Include="EdgeInfoIO.h">
      <Filter>Header Files</Filter>
    </ClInclude>
    <ClInclude Include="EdgeInfoParser.h">
      <Filter>Header Files</Filter>
    </ClInclude>
    <ClInclude Include="EdgeInfoType.h">
      <Filter>Header Files</Filter>
    </ClInclude>
    <ClInclude Include="EdgeTreeType.h">
      <Filter>Header Files</Filter>
    </ClInclude>
    <ClInclude Include="MatchedDepRule.h">
      <Filter>Header Files</Filter>
    </ClInclude>
    <ClInclude Include="RuleAffinityChecker.h">
      <Filter>Header Files</Filter>
    </ClInclude>
    <ClInclude Include="RuleConstraint.h">
      <Filter>Header Files</Filter>
    </ClInclude>
    <ClInclude Include="RuleConstraintChecker.h">
      <Filter>Header Files</Filter>
    </ClInclude>
    <ClInclude Include="StateTree.h">
      <Filter>Header Files</Filter>
    </ClInclude>
    <ClInclude Include="common.h">
      <Filter>Header Files</Filter>
    </ClInclude>
    <ClInclude Include="PropNodeGraph.h">
      <Filter>Header Files</Filter>
    </ClInclude>
    <ClInclude Include="PNGraphBuilder.h">
      <Filter>Header Files</Filter>
    </ClInclude>
    <ClInclude Include="PNGraphLayout.h">
      <Filter>Header Files</Filter>
    </ClInclude>
    <ClInclude Include="PNParser.h">
      <Filter>Header Files</Filter>
    </ClInclude>
    <ClInclude Include="PNChart.h">
      <Filter>Header Files</Filter>
    </ClInclude>
    <ClInclude Include="PNAgenda.h">
      <Filter>Header Files</Filter>
    </ClInclude>
    <ClInclude Include="PropEdge.h">
      <Filter>Header Files</Filter>
    </ClInclude>
    <ClInclude Include="PropNode.h">
      <Filter>Header Files</Filter>
    </ClInclude>
    <ClInclude Include="main_interface.h">
      <Filter>Header Files</Filter>
    </ClInclude>
    <ClInclude Include="dep_rule.tab.h">
      <Filter>Header Files</Filter>
    </ClInclude>
    <ClInclude Include="c_interface\c_interface.h">
      <Filter>Header Files</Filter>
    </ClInclude>
    <ClInclude Include="ParserInitializer.h">
      <Filter>Header Files</Filter>
    </ClInclude>
    <ClInclude Include="IParserInitializable.h">
      <Filter>Header Files</Filter>
    </ClInclude>
    <ClInclude Include="ParserInitFirstTerminal.h">
      <Filter>Header Files</Filter>
    </ClInclude>
    <ClInclude Include="ParserInitLexicalMarker.h">
      <Filter>Header Files</Filter>
    </ClInclude>
    <ClInclude Include="DocParser.h">
      <Filter>Header Files</Filter>
    </ClInclude>
    <ClInclude Include="PNTextLayout.h">
      <Filter>Header Files</Filter>
    </ClInclude>
    <ClInclude Include="ParseException.h">
      <Filter>Header Files</Filter>
    </ClInclude>
    <ClInclude Include="DepRuleNodeFactory.h">
      <Filter>Header Files</Filter>
    </ClInclude>
    <ClInclude Include="c_DocParser.h">
      <Filter>Header Files</Filter>
    </ClInclude>
    <ClInclude Include="PNPropLayout.h">
      <Filter>Header Files</Filter>
    </ClInclude>
    <ClInclude Include="PNPropArg.h">
      <Filter>Header Files</Filter>
    </ClInclude>
    <ClInclude Include="PNPropBinaryMapper.h">
      <Filter>Header Files</Filter>
    </ClInclude>
    <ClInclude Include="RuleProperty.h">
      <Filter>Source Files</Filter>
    </ClInclude>
    <ClInclude Include="SeqDelimiters.h">
      <Filter>Header Files</Filter>
    </ClInclude>
  </ItemGroup>
  <ItemGroup>
    <ClCompile Include="ChartParser.cpp">
      <Filter>Source Files</Filter>
    </ClCompile>
    <ClCompile Include="ChartParserAgenda.cpp">
      <Filter>Source Files</Filter>
    </ClCompile>
    <ClCompile Include="ChartParserChart.cpp">
      <Filter>Source Files</Filter>
    </ClCompile>
    <ClCompile Include="DepData.cpp">
      <Filter>Source Files</Filter>
    </ClCompile>
    <ClCompile Include="DepParser.cpp">
      <Filter>Source Files</Filter>
    </ClCompile>
    <ClCompile Include="DepParserState.cpp">
      <Filter>Source Files</Filter>
    </ClCompile>
    <ClCompile Include="DepRuleEngine.cpp">
      <Filter>Source Files</Filter>
    </ClCompile>
    <ClCompile Include="DepRuleNode.cpp">
      <Filter>Source Files</Filter>
    </ClCompile>
    <ClCompile Include="dijkstra_algo.cpp">
      <Filter>Source Files</Filter>
    </ClCompile>
    <ClCompile Include="EdgeInfoIO.cpp">
      <Filter>Source Files</Filter>
    </ClCompile>
    <ClCompile Include="EdgeInfoParser.cpp">
      <Filter>Source Files</Filter>
    </ClCompile>
    <ClCompile Include="MatchedDepRule.cpp">
      <Filter>Source Files</Filter>
    </ClCompile>
    <ClCompile Include="RuleAffinityChecker.cpp">
      <Filter>Source Files</Filter>
    </ClCompile>
    <ClCompile Include="RuleConstraint.cpp">
      <Filter>Source Files</Filter>
    </ClCompile>
    <ClCompile Include="RuleConstraintChecker.cpp">
      <Filter>Source Files</Filter>
    </ClCompile>
    <ClCompile Include="StateTree.cpp">
      <Filter>Source Files</Filter>
    </ClCompile>
    <ClCompile Include="test_state_cost.cpp">
      <Filter>Source Files</Filter>
    </ClCompile>
    <ClCompile Include="main.cpp">
      <Filter>Source Files</Filter>
    </ClCompile>
    <ClCompile Include="dep_rule.lex.cpp">
      <Filter>Source Files</Filter>
    </ClCompile>
    <ClCompile Include="dep_rule.tab.cpp">
      <Filter>Source Files</Filter>
    </ClCompile>
    <ClCompile Include="PropNodeGraph.cpp">
      <Filter>Source Files</Filter>
    </ClCompile>
    <ClCompile Include="PNGraphLayout.cpp">
      <Filter>Source Files</Filter>
    </ClCompile>
    <ClCompile Include="PNGraphBuilder.cpp">
      <Filter>Source Files</Filter>
    </ClCompile>
    <ClCompile Include="PNParser.cpp">
      <Filter>Source Files</Filter>
    </ClCompile>
    <ClCompile Include="PNAgenda.cpp">
      <Filter>Source Files</Filter>
    </ClCompile>
    <ClCompile Include="PNChart.cpp">
      <Filter>Source Files</Filter>
    </ClCompile>
    <ClCompile Include="PropNode.cpp">
      <Filter>Source Files</Filter>
    </ClCompile>
    <ClCompile Include="PropEdge.cpp">
      <Filter>Source Files</Filter>
    </ClCompile>
    <ClCompile Include="test_PNGraph.cpp">
      <Filter>Source Files</Filter>
    </ClCompile>
    <ClCompile Include="main_interface.cpp">
      <Filter>Source Files</Filter>
    </ClCompile>
    <ClCompile Include="test_rule_parse.cpp">
      <Filter>Source Files</Filter>
    </ClCompile>
    <ClCompile Include="c_interface\c_interface.cpp">
      <Filter>Source Files</Filter>
    </ClCompile>
    <ClCompile Include="ParserInitLexicalMarker.cpp">
      <Filter>Source Files</Filter>
    </ClCompile>
    <ClCompile Include="TestCase\testMatchedDepRule.cpp">
      <Filter>TestCase</Filter>
    </ClCompile>
    <ClCompile Include="TestCase\testRuleEngine.cpp">
      <Filter>TestCase</Filter>
    </ClCompile>
    <ClCompile Include="TestCase\testRulePostProc.cpp">
      <Filter>TestCase</Filter>
    </ClCompile>
    <ClCompile Include="TestCase\testChartParser.cpp">
      <Filter>TestCase</Filter>
    </ClCompile>
    <ClCompile Include="DocParser.cpp">
      <Filter>Source Files</Filter>
    </ClCompile>
    <ClCompile Include="PNTextLayout.cpp">
      <Filter>Source Files</Filter>
    </ClCompile>
    <ClCompile Include="DepRuleNodeFactory.cpp">
      <Filter>Source Files</Filter>
    </ClCompile>
    <ClCompile Include="test_rule_factory.cpp">
      <Filter>Source Files</Filter>
    </ClCompile>
    <ClCompile Include="PNPropLayout.cpp">
      <Filter>Source Files</Filter>
    </ClCompile>
    <ClCompile Include="c_DocParser.cpp">
      <Filter>Source Files</Filter>
    </ClCompile>
    <ClCompile Include="PNPropBinaryMapper.cpp">
      <Filter>Source Files</Filter>
    </ClCompile>
  </ItemGroup>
  <ItemGroup>
    <CustomBuild Include="dep_rule.l">
      <Filter>Resource Files</Filter>
    </CustomBuild>
    <CustomBuild Include="dep_rule.y">
      <Filter>Resource Files</Filter>
    </CustomBuild>
  </ItemGroup>
</Project>